
Microsoft Visual Studio Solution File, Format Version 12.00
# Visual Studio Version 16
VisualStudioVersion = 16.0.29318.209
MinimumVisualStudioVersion = 10.0.40219.1
Project("{FAE04EC0-301F-11D3-BF4B-00C04F79EFBC}") = "Fractals", "Fractals.csproj", "{D2765CF4-EB02-466A-9FF8-3F938F9DBCF8}"
EndProject
Global
	GlobalSection(SolutionConfigurationPlatforms) = preSolution
		Debug|Any CPU = Debug|Any CPU
		Release|Any CPU = Release|Any CPU
	EndGlobalSection
	GlobalSection(ProjectConfigurationPlatforms) = postSolution
		{D2765CF4-EB02-466A-9FF8-3F938F9DBCF8}.Debug|Any CPU.ActiveCfg = Debug|Any CPU
		{D2765CF4-EB02-466A-9FF8-3F938F9DBCF8}.Debug|Any CPU.Build.0 = Debug|Any CPU
		{D2765CF4-EB02-466A-9FF8-3F938F9DBCF8}.Release|Any CPU.ActiveCfg = Release|Any CPU
		{D2765CF4-EB02-466A-9FF8-3F938F9DBCF8}.Release|Any CPU.Build.0 = Release|Any CPU
	EndGlobalSection
	GlobalSection(SolutionProperties) = preSolution
		HideSolutionNode = FALSE
	EndGlobalSection
	GlobalSection(ExtensibilityGlobals) = postSolution
		SolutionGuid = {F1E41C26-B7B9-4049-B4DE-031E64D16BA9}
	EndGlobalSection
EndGlobal
